// !$*UTF8*$!
{
	archiveVersion = 1;
	classes = {
	};
	objectVersion = 46;
	objects = {

/* Begin PBXBuildFile section */
		2CFFD62711FA581C1ADD019E /* libPods-QRcode.a in Frameworks */ = {isa = PBXBuildFile; fileRef = 75E86B8702EBBA6C57567476 /* libPods-QRcode.a */; };
		5EF30E3A1D6414D900F0BC20 /* main.m in Sources */ = {isa = PBXBuildFile; fileRef = 5EF30E391D6414D900F0BC20 /* main.m */; };
		5EF30E3D1D6414D900F0BC20 /* AppDelegate.m in Sources */ = {isa = PBXBuildFile; fileRef = 5EF30E3C1D6414D900F0BC20 /* AppDelegate.m */; };
		5EF30E431D6414D900F0BC20 /* Main.storyboard in Resources */ = {isa = PBXBuildFile; fileRef = 5EF30E411D6414D900F0BC20 /* Main.storyboard */; };
		5EF30E451D6414D900F0BC20 /* Assets.xcassets in Resources */ = {isa = PBXBuildFile; fileRef = 5EF30E441D6414D900F0BC20 /* Assets.xcassets */; };
		5EF30E481D6414D900F0BC20 /* LaunchScreen.storyboard in Resources */ = {isa = PBXBuildFile; fileRef = 5EF30E461D6414D900F0BC20 /* LaunchScreen.storyboard */; };
		5EF30E531D6414D900F0BC20 /* QRcodeTests.m in Sources */ = {isa = PBXBuildFile; fileRef = 5EF30E521D6414D900F0BC20 /* QRcodeTests.m */; };
		5EF30E5E1D6414D900F0BC20 /* QRcodeUITests.m in Sources */ = {isa = PBXBuildFile; fileRef = 5EF30E5D1D6414D900F0BC20 /* QRcodeUITests.m */; };
		5EF30E6D1D6415E200F0BC20 /* FEMainTabBarController.m in Sources */ = {isa = PBXBuildFile; fileRef = 5EF30E6C1D6415E200F0BC20 /* FEMainTabBarController.m */; };
		5EF30E701D64163E00F0BC20 /* FEQRCatcherViewController.m in Sources */ = {isa = PBXBuildFile; fileRef = 5EF30E6F1D64163E00F0BC20 /* FEQRCatcherViewController.m */; };
		5EF30E731D64168000F0BC20 /* FEHistoryViewController.m in Sources */ = {isa = PBXBuildFile; fileRef = 5EF30E721D64168000F0BC20 /* FEHistoryViewController.m */; };
		5EF30E7A1D64191C00F0BC20 /* scanning@3x.png in Resources */ = {isa = PBXBuildFile; fileRef = 5EF30E781D64191C00F0BC20 /* scanning@3x.png */; };
		5EF30E7C1D642ECA00F0BC20 /* scanning@2x.png in Resources */ = {isa = PBXBuildFile; fileRef = 5EF30E7B1D642ECA00F0BC20 /* scanning@2x.png */; };
		5EF30E7F1D642EF800F0BC20 /* history@3x.png in Resources */ = {isa = PBXBuildFile; fileRef = 5EF30E7D1D642EF800F0BC20 /* history@3x.png */; };
		5EF30E801D642EF800F0BC20 /* history@2x.png in Resources */ = {isa = PBXBuildFile; fileRef = 5EF30E7E1D642EF800F0BC20 /* history@2x.png */; };
		5EF30E831D642F0A00F0BC20 /* history_blue@2x.png in Resources */ = {isa = PBXBuildFile; fileRef = 5EF30E811D642F0A00F0BC20 /* history_blue@2x.png */; };
		5EF30E841D642F0A00F0BC20 /* history_blue@3x.png in Resources */ = {isa = PBXBuildFile; fileRef = 5EF30E821D642F0A00F0BC20 /* history_blue@3x.png */; };
		5EF30E871D642F1D00F0BC20 /* scan_white@3x.png in Resources */ = {isa = PBXBuildFile; fileRef = 5EF30E851D642F1D00F0BC20 /* scan_white@3x.png */; };
		5EF30E881D642F1D00F0BC20 /* scan_white@2x.png in Resources */ = {isa = PBXBuildFile; fileRef = 5EF30E861D642F1D00F0BC20 /* scan_white@2x.png */; };
		5EF30E8B1D642F2900F0BC20 /* scan_blue@3x.png in Resources */ = {isa = PBXBuildFile; fileRef = 5EF30E891D642F2900F0BC20 /* scan_blue@3x.png */; };
		5EF30E8C1D642F2900F0BC20 /* scan_blue@2x.png in Resources */ = {isa = PBXBuildFile; fileRef = 5EF30E8A1D642F2900F0BC20 /* scan_blue@2x.png */; };
		5EF30E8F1D642F3B00F0BC20 /* text@2x.png in Resources */ = {isa = PBXBuildFile; fileRef = 5EF30E8D1D642F3B00F0BC20 /* text@2x.png */; };
		5EF30E901D642F3B00F0BC20 /* text@3x.png in Resources */ = {isa = PBXBuildFile; fileRef = 5EF30E8E1D642F3B00F0BC20 /* text@3x.png */; };
		5EF30E931D642F4300F0BC20 /* website@2x.png in Resources */ = {isa = PBXBuildFile; fileRef = 5EF30E911D642F4300F0BC20 /* website@2x.png */; };
		5EF30E941D642F4300F0BC20 /* website@3x.png in Resources */ = {isa = PBXBuildFile; fileRef = 5EF30E921D642F4300F0BC20 /* website@3x.png */; };
		5EF30E971D6439C800F0BC20 /* QRTabBar.m in Sources */ = {isa = PBXBuildFile; fileRef = 5EF30E961D6439C800F0BC20 /* QRTabBar.m */; };
		5EF30F5B1D644BAF00F0BC20 /* FECoreDataHelper.m in Sources */ = {isa = PBXBuildFile; fileRef = 5EF30F5A1D644BAF00F0BC20 /* FECoreDataHelper.m */; };
		5EF30FB51D65AAAF00F0BC20 /* NSString+Tools.m in Sources */ = {isa = PBXBuildFile; fileRef = 5EF30FB41D65AAAF00F0BC20 /* NSString+Tools.m */; };
		5EF30FB91D669EA400F0BC20 /* Data.xcdatamodeld in Sources */ = {isa = PBXBuildFile; fileRef = 5EF30FB71D669EA400F0BC20 /* Data.xcdatamodeld */; };
		5EF30FBE1D669F4300F0BC20 /* Entity+CoreDataProperties.m in Sources */ = {isa = PBXBuildFile; fileRef = 5EF30FBB1D669F4300F0BC20 /* Entity+CoreDataProperties.m */; };
		5EF30FBF1D669F4300F0BC20 /* Entity.m in Sources */ = {isa = PBXBuildFile; fileRef = 5EF30FBD1D669F4300F0BC20 /* Entity.m */; };
		5EF30FC21D66D57D00F0BC20 /* FETextViewController.m in Sources */ = {isa = PBXBuildFile; fileRef = 5EF30FC11D66D57D00F0BC20 /* FETextViewController.m */; };
/* End PBXBuildFile section */

/* Begin PBXContainerItemProxy section */
		5EF30E4F1D6414D900F0BC20 /* PBXContainerItemProxy */ = {
			isa = PBXContainerItemProxy;
			containerPortal = 5EF30E2D1D6414D900F0BC20 /* Project object */;
			proxyType = 1;
			remoteGlobalIDString = 5EF30E341D6414D900F0BC20;
			remoteInfo = QRcode;
		};
		5EF30E5A1D6414D900F0BC20 /* PBXContainerItemProxy */ = {
			isa = PBXContainerItemProxy;
			containerPortal = 5EF30E2D1D6414D900F0BC20 /* Project object */;
			proxyType = 1;
			remoteGlobalIDString = 5EF30E341D6414D900F0BC20;
			remoteInfo = QRcode;
		};
/* End PBXContainerItemProxy section */

/* Begin PBXFileReference section */
		08C44C8EC90679AADBC4608E /* Pods-QRcode.release.xcconfig */ = {isa = PBXFileReference; includeInIndex = 1; lastKnownFileType = text.xcconfig; name = "Pods-QRcode.release.xcconfig"; path = "Pods/Target Support Files/Pods-QRcode/Pods-QRcode.release.xcconfig"; sourceTree = "<group>"; };
		253BA4DD97BAD8AD98DB44F2 /* Pods-QRcode.debug.xcconfig */ = {isa = PBXFileReference; includeInIndex = 1; lastKnownFileType = text.xcconfig; name = "Pods-QRcode.debug.xcconfig"; path = "Pods/Target Support Files/Pods-QRcode/Pods-QRcode.debug.xcconfig"; sourceTree = "<group>"; };
		5EF30E351D6414D900F0BC20 /* QRcode.app */ = {isa = PBXFileReference; explicitFileType = wrapper.application; includeInIndex = 0; path = QRcode.app; sourceTree = BUILT_PRODUCTS_DIR; };
		5EF30E391D6414D900F0BC20 /* main.m */ = {isa = PBXFileReference; lastKnownFileType = sourcecode.c.objc; path = main.m; sourceTree = "<group>"; };
		5EF30E3B1D6414D900F0BC20 /* AppDelegate.h */ = {isa = PBXFileReference; lastKnownFileType = sourcecode.c.h; path = AppDelegate.h; sourceTree = "<group>"; };
		5EF30E3C1D6414D900F0BC20 /* AppDelegate.m */ = {isa = PBXFileReference; lastKnownFileType = sourcecode.c.objc; path = AppDelegate.m; sourceTree = "<group>"; };
		5EF30E421D6414D900F0BC20 /* Base */ = {isa = PBXFileReference; lastKnownFileType = file.storyboard; name = Base; path = Base.lproj/Main.storyboard; sourceTree = "<group>"; };
		5EF30E441D6414D900F0BC20 /* Assets.xcassets */ = {isa = PBXFileReference; lastKnownFileType = folder.assetcatalog; path = Assets.xcassets; sourceTree = "<group>"; };
		5EF30E471D6414D900F0BC20 /* Base */ = {isa = PBXFileReference; lastKnownFileType = file.storyboard; name = Base; path = Base.lproj/LaunchScreen.storyboard; sourceTree = "<group>"; };
		5EF30E491D6414D900F0BC20 /* Info.plist */ = {isa = PBXFileReference; lastKnownFileType = text.plist.xml; path = Info.plist; sourceTree = "<group>"; };
		5EF30E4E1D6414D900F0BC20 /* QRcodeTests.xctest */ = {isa = PBXFileReference; explicitFileType = wrapper.cfbundle; includeInIndex = 0; path = QRcodeTests.xctest; sourceTree = BUILT_PRODUCTS_DIR; };
		5EF30E521D6414D900F0BC20 /* QRcodeTests.m */ = {isa = PBXFileReference; lastKnownFileType = sourcecode.c.objc; path = QRcodeTests.m; sourceTree = "<group>"; };
		5EF30E541D6414D900F0BC20 /* Info.plist */ = {isa = PBXFileReference; lastKnownFileType = text.plist.xml; path = Info.plist; sourceTree = "<group>"; };
		5EF30E591D6414D900F0BC20 /* QRcodeUITests.xctest */ = {isa = PBXFileReference; explicitFileType = wrapper.cfbundle; includeInIndex = 0; path = QRcodeUITests.xctest; sourceTree = BUILT_PRODUCTS_DIR; };
		5EF30E5D1D6414D900F0BC20 /* QRcodeUITests.m */ = {isa = PBXFileReference; lastKnownFileType = sourcecode.c.objc; path = QRcodeUITests.m; sourceTree = "<group>"; };
		5EF30E5F1D6414D900F0BC20 /* Info.plist */ = {isa = PBXFileReference; lastKnownFileType = text.plist.xml; path = Info.plist; sourceTree = "<group>"; };
		5EF30E6B1D6415E200F0BC20 /* FEMainTabBarController.h */ = {isa = PBXFileReference; fileEncoding = 4; lastKnownFileType = sourcecode.c.h; path = FEMainTabBarController.h; sourceTree = "<group>"; };
		5EF30E6C1D6415E200F0BC20 /* FEMainTabBarController.m */ = {isa = PBXFileReference; fileEncoding = 4; lastKnownFileType = sourcecode.c.objc; path = FEMainTabBarController.m; sourceTree = "<group>"; };
		5EF30E6E1D64163E00F0BC20 /* FEQRCatcherViewController.h */ = {isa = PBXFileReference; fileEncoding = 4; lastKnownFileType = sourcecode.c.h; path = FEQRCatcherViewController.h; sourceTree = "<group>"; };
		5EF30E6F1D64163E00F0BC20 /* FEQRCatcherViewController.m */ = {isa = PBXFileReference; fileEncoding = 4; lastKnownFileType = sourcecode.c.objc; path = FEQRCatcherViewController.m; sourceTree = "<group>"; };
		5EF30E711D64168000F0BC20 /* FEHistoryViewController.h */ = {isa = PBXFileReference; fileEncoding = 4; lastKnownFileType = sourcecode.c.h; path = FEHistoryViewController.h; sourceTree = "<group>"; };
		5EF30E721D64168000F0BC20 /* FEHistoryViewController.m */ = {isa = PBXFileReference; fileEncoding = 4; lastKnownFileType = sourcecode.c.objc; path = FEHistoryViewController.m; sourceTree = "<group>"; };
		5EF30E741D64171500F0BC20 /* NTUtilsMacro.h */ = {isa = PBXFileReference; fileEncoding = 4; lastKnownFileType = sourcecode.c.h; path = NTUtilsMacro.h; sourceTree = "<group>"; };
		5EF30E751D64173A00F0BC20 /* QR_PrefixHeader.pch */ = {isa = PBXFileReference; lastKnownFileType = sourcecode.c.h; path = QR_PrefixHeader.pch; sourceTree = "<group>"; };
		5EF30E781D64191C00F0BC20 /* scanning@3x.png */ = {isa = PBXFileReference; lastKnownFileType = image.png; path = "scanning@3x.png"; sourceTree = "<group>"; };
		5EF30E7B1D642ECA00F0BC20 /* scanning@2x.png */ = {isa = PBXFileReference; lastKnownFileType = image.png; path = "scanning@2x.png"; sourceTree = "<group>"; };
		5EF30E7D1D642EF800F0BC20 /* history@3x.png */ = {isa = PBXFileReference; lastKnownFileType = image.png; path = "history@3x.png"; sourceTree = "<group>"; };
		5EF30E7E1D642EF800F0BC20 /* history@2x.png */ = {isa = PBXFileReference; lastKnownFileType = image.png; path = "history@2x.png"; sourceTree = "<group>"; };
		5EF30E811D642F0A00F0BC20 /* history_blue@2x.png */ = {isa = PBXFileReference; lastKnownFileType = image.png; path = "history_blue@2x.png"; sourceTree = "<group>"; };
		5EF30E821D642F0A00F0BC20 /* history_blue@3x.png */ = {isa = PBXFileReference; lastKnownFileType = image.png; path = "history_blue@3x.png"; sourceTree = "<group>"; };
		5EF30E851D642F1D00F0BC20 /* scan_white@3x.png */ = {isa = PBXFileReference; lastKnownFileType = image.png; path = "scan_white@3x.png"; sourceTree = "<group>"; };
		5EF30E861D642F1D00F0BC20 /* scan_white@2x.png */ = {isa = PBXFileReference; lastKnownFileType = image.png; path = "scan_white@2x.png"; sourceTree = "<group>"; };
		5EF30E891D642F2900F0BC20 /* scan_blue@3x.png */ = {isa = PBXFileReference; lastKnownFileType = image.png; path = "scan_blue@3x.png"; sourceTree = "<group>"; };
		5EF30E8A1D642F2900F0BC20 /* scan_blue@2x.png */ = {isa = PBXFileReference; lastKnownFileType = image.png; path = "scan_blue@2x.png"; sourceTree = "<group>"; };
		5EF30E8D1D642F3B00F0BC20 /* text@2x.png */ = {isa = PBXFileReference; lastKnownFileType = image.png; path = "text@2x.png"; sourceTree = "<group>"; };
		5EF30E8E1D642F3B00F0BC20 /* text@3x.png */ = {isa = PBXFileReference; lastKnownFileType = image.png; path = "text@3x.png"; sourceTree = "<group>"; };
		5EF30E911D642F4300F0BC20 /* website@2x.png */ = {isa = PBXFileReference; lastKnownFileType = image.png; path = "website@2x.png"; sourceTree = "<group>"; };
		5EF30E921D642F4300F0BC20 /* website@3x.png */ = {isa = PBXFileReference; lastKnownFileType = image.png; path = "website@3x.png"; sourceTree = "<group>"; };
		5EF30E951D6439C800F0BC20 /* QRTabBar.h */ = {isa = PBXFileReference; fileEncoding = 4; lastKnownFileType = sourcecode.c.h; path = QRTabBar.h; sourceTree = "<group>"; };
		5EF30E961D6439C800F0BC20 /* QRTabBar.m */ = {isa = PBXFileReference; fileEncoding = 4; lastKnownFileType = sourcecode.c.objc; path = QRTabBar.m; sourceTree = "<group>"; };
		5EF30F591D644BAF00F0BC20 /* FECoreDataHelper.h */ = {isa = PBXFileReference; fileEncoding = 4; lastKnownFileType = sourcecode.c.h; path = FECoreDataHelper.h; sourceTree = "<group>"; };
		5EF30F5A1D644BAF00F0BC20 /* FECoreDataHelper.m */ = {isa = PBXFileReference; fileEncoding = 4; lastKnownFileType = sourcecode.c.objc; path = FECoreDataHelper.m; sourceTree = "<group>"; };
		5EF30FB31D65AAAF00F0BC20 /* NSString+Tools.h */ = {isa = PBXFileReference; fileEncoding = 4; lastKnownFileType = sourcecode.c.h; path = "NSString+Tools.h"; sourceTree = "<group>"; };
		5EF30FB41D65AAAF00F0BC20 /* NSString+Tools.m */ = {isa = PBXFileReference; fileEncoding = 4; lastKnownFileType = sourcecode.c.objc; path = "NSString+Tools.m"; sourceTree = "<group>"; };
		5EF30FB81D669EA400F0BC20 /* Data.xcdatamodel */ = {isa = PBXFileReference; lastKnownFileType = wrapper.xcdatamodel; path = Data.xcdatamodel; sourceTree = "<group>"; };
		5EF30FBA1D669F4300F0BC20 /* Entity+CoreDataProperties.h */ = {isa = PBXFileReference; fileEncoding = 4; lastKnownFileType = sourcecode.c.h; path = "Entity+CoreDataProperties.h"; sourceTree = "<group>"; };
		5EF30FBB1D669F4300F0BC20 /* Entity+CoreDataProperties.m */ = {isa = PBXFileReference; fileEncoding = 4; lastKnownFileType = sourcecode.c.objc; path = "Entity+CoreDataProperties.m"; sourceTree = "<group>"; };
		5EF30FBC1D669F4300F0BC20 /* Entity.h */ = {isa = PBXFileReference; fileEncoding = 4; lastKnownFileType = sourcecode.c.h; path = Entity.h; sourceTree = "<group>"; };
		5EF30FBD1D669F4300F0BC20 /* Entity.m */ = {isa = PBXFileReference; fileEncoding = 4; lastKnownFileType = sourcecode.c.objc; path = Entity.m; sourceTree = "<group>"; };
		5EF30FC01D66D57D00F0BC20 /* FETextViewController.h */ = {isa = PBXFileReference; fileEncoding = 4; lastKnownFileType = sourcecode.c.h; path = FETextViewController.h; sourceTree = "<group>"; };
		5EF30FC11D66D57D00F0BC20 /* FETextViewController.m */ = {isa = PBXFileReference; fileEncoding = 4; lastKnownFileType = sourcecode.c.objc; path = FETextViewController.m; sourceTree = "<group>"; };
		75E86B8702EBBA6C57567476 /* libPods-QRcode.a */ = {isa = PBXFileReference; explicitFileType = archive.ar; includeInIndex = 0; path = "libPods-QRcode.a"; sourceTree = BUILT_PRODUCTS_DIR; };
/* End PBXFileReference section */

/* Begin PBXFrameworksBuildPhase section */
		5EF30E321D6414D900F0BC20 /* Frameworks */ = {
			isa = PBXFrameworksBuildPhase;
			buildActionMask = 2147483647;
			files = (
				2CFFD62711FA581C1ADD019E /* libPods-QRcode.a in Frameworks */,
			);
			runOnlyForDeploymentPostprocessing = 0;
		};
		5EF30E4B1D6414D900F0BC20 /* Frameworks */ = {
			isa = PBXFrameworksBuildPhase;
			buildActionMask = 2147483647;
			files = (
			);
			runOnlyForDeploymentPostprocessing = 0;
		};
		5EF30E561D6414D900F0BC20 /* Frameworks */ = {
			isa = PBXFrameworksBuildPhase;
			buildActionMask = 2147483647;
			files = (
			);
			runOnlyForDeploymentPostprocessing = 0;
		};
/* End PBXFrameworksBuildPhase section */

/* Begin PBXGroup section */
		1CABFC2A68562631756A0104 /* Pods */ = {
			isa = PBXGroup;
			children = (
				253BA4DD97BAD8AD98DB44F2 /* Pods-QRcode.debug.xcconfig */,
				08C44C8EC90679AADBC4608E /* Pods-QRcode.release.xcconfig */,
			);
			name = Pods;
			sourceTree = "<group>";
		};
		2116398320CB8DE0D0FCA58B /* Frameworks */ = {
			isa = PBXGroup;
			children = (
				75E86B8702EBBA6C57567476 /* libPods-QRcode.a */,
			);
			name = Frameworks;
			sourceTree = "<group>";
		};
		5EF30E2C1D6414D900F0BC20 = {
			isa = PBXGroup;
			children = (
				5EF30E761D6418F500F0BC20 /* Images */,
				5EF30E371D6414D900F0BC20 /* QRcode */,
				5EF30E511D6414D900F0BC20 /* QRcodeTests */,
				5EF30E5C1D6414D900F0BC20 /* QRcodeUITests */,
				5EF30E361D6414D900F0BC20 /* Products */,
				1CABFC2A68562631756A0104 /* Pods */,
				2116398320CB8DE0D0FCA58B /* Frameworks */,
			);
			sourceTree = "<group>";
		};
		5EF30E361D6414D900F0BC20 /* Products */ = {
			isa = PBXGroup;
			children = (
				5EF30E351D6414D900F0BC20 /* QRcode.app */,
				5EF30E4E1D6414D900F0BC20 /* QRcodeTests.xctest */,
				5EF30E591D6414D900F0BC20 /* QRcodeUITests.xctest */,
			);
			name = Products;
			sourceTree = "<group>";
		};
		5EF30E371D6414D900F0BC20 /* QRcode */ = {
			isa = PBXGroup;
			children = (
				5EF30FB61D669DD900F0BC20 /* Data */,
				5EF30F581D644B9700F0BC20 /* helper */,
				5EF30E741D64171500F0BC20 /* NTUtilsMacro.h */,
				5EF30E3B1D6414D900F0BC20 /* AppDelegate.h */,
				5EF30E3C1D6414D900F0BC20 /* AppDelegate.m */,
				5EF30E951D6439C800F0BC20 /* QRTabBar.h */,
				5EF30E961D6439C800F0BC20 /* QRTabBar.m */,
				5EF30E6B1D6415E200F0BC20 /* FEMainTabBarController.h */,
				5EF30E6C1D6415E200F0BC20 /* FEMainTabBarController.m */,
				5EF30E6E1D64163E00F0BC20 /* FEQRCatcherViewController.h */,
				5EF30E6F1D64163E00F0BC20 /* FEQRCatcherViewController.m */,
				5EF30E711D64168000F0BC20 /* FEHistoryViewController.h */,
				5EF30E721D64168000F0BC20 /* FEHistoryViewController.m */,
				5EF30FC01D66D57D00F0BC20 /* FETextViewController.h */,
				5EF30FC11D66D57D00F0BC20 /* FETextViewController.m */,
				5EF30E411D6414D900F0BC20 /* Main.storyboard */,
				5EF30E441D6414D900F0BC20 /* Assets.xcassets */,
				5EF30E461D6414D900F0BC20 /* LaunchScreen.storyboard */,
				5EF30E491D6414D900F0BC20 /* Info.plist */,
				5EF30E381D6414D900F0BC20 /* Supporting Files */,
			);
			path = QRcode;
			sourceTree = "<group>";
		};
		5EF30E381D6414D900F0BC20 /* Supporting Files */ = {
			isa = PBXGroup;
			children = (
				5EF30E391D6414D900F0BC20 /* main.m */,
				5EF30E751D64173A00F0BC20 /* QR_PrefixHeader.pch */,
			);
			name = "Supporting Files";
			sourceTree = "<group>";
		};
		5EF30E511D6414D900F0BC20 /* QRcodeTests */ = {
			isa = PBXGroup;
			children = (
				5EF30E521D6414D900F0BC20 /* QRcodeTests.m */,
				5EF30E541D6414D900F0BC20 /* Info.plist */,
			);
			path = QRcodeTests;
			sourceTree = "<group>";
		};
		5EF30E5C1D6414D900F0BC20 /* QRcodeUITests */ = {
			isa = PBXGroup;
			children = (
				5EF30E5D1D6414D900F0BC20 /* QRcodeUITests.m */,
				5EF30E5F1D6414D900F0BC20 /* Info.plist */,
			);
			path = QRcodeUITests;
			sourceTree = "<group>";
		};
		5EF30E761D6418F500F0BC20 /* Images */ = {
			isa = PBXGroup;
			children = (
				5EF30E781D64191C00F0BC20 /* scanning@3x.png */,
				5EF30E7B1D642ECA00F0BC20 /* scanning@2x.png */,
				5EF30E811D642F0A00F0BC20 /* history_blue@2x.png */,
				5EF30E821D642F0A00F0BC20 /* history_blue@3x.png */,
				5EF30E7E1D642EF800F0BC20 /* history@2x.png */,
				5EF30E7D1D642EF800F0BC20 /* history@3x.png */,
				5EF30E861D642F1D00F0BC20 /* scan_white@2x.png */,
				5EF30E851D642F1D00F0BC20 /* scan_white@3x.png */,
				5EF30E8A1D642F2900F0BC20 /* scan_blue@2x.png */,
				5EF30E891D642F2900F0BC20 /* scan_blue@3x.png */,
				5EF30E8D1D642F3B00F0BC20 /* text@2x.png */,
				5EF30E8E1D642F3B00F0BC20 /* text@3x.png */,
				5EF30E911D642F4300F0BC20 /* website@2x.png */,
				5EF30E921D642F4300F0BC20 /* website@3x.png */,
			);
			path = Images;
			sourceTree = "<group>";
		};
		5EF30F581D644B9700F0BC20 /* helper */ = {
			isa = PBXGroup;
			children = (
				5EF30FB31D65AAAF00F0BC20 /* NSString+Tools.h */,
				5EF30FB41D65AAAF00F0BC20 /* NSString+Tools.m */,
				5EF30F591D644BAF00F0BC20 /* FECoreDataHelper.h */,
				5EF30F5A1D644BAF00F0BC20 /* FECoreDataHelper.m */,
			);
			name = helper;
			sourceTree = "<group>";
		};
		5EF30FB61D669DD900F0BC20 /* Data */ = {
			isa = PBXGroup;
			children = (
				5EF30FB71D669EA400F0BC20 /* Data.xcdatamodeld */,
				5EF30FBA1D669F4300F0BC20 /* Entity+CoreDataProperties.h */,
				5EF30FBB1D669F4300F0BC20 /* Entity+CoreDataProperties.m */,
				5EF30FBC1D669F4300F0BC20 /* Entity.h */,
				5EF30FBD1D669F4300F0BC20 /* Entity.m */,
			);
			path = Data;
			sourceTree = "<group>";
		};
/* End PBXGroup section */

/* Begin PBXNativeTarget section */
		5EF30E341D6414D900F0BC20 /* QRcode */ = {
			isa = PBXNativeTarget;
			buildConfigurationList = 5EF30E621D6414D900F0BC20 /* Build configuration list for PBXNativeTarget "QRcode" */;
			buildPhases = (
				076DE724715F65AAA8E2A6CA /* [CP] Check Pods Manifest.lock */,
				5EF30E311D6414D900F0BC20 /* Sources */,
				5EF30E321D6414D900F0BC20 /* Frameworks */,
				5EF30E331D6414D900F0BC20 /* Resources */,
				E417CB25C5CC5D7856F9E0E6 /* [CP] Embed Pods Frameworks */,
				312A8217BDBF93E538F17C48 /* [CP] Copy Pods Resources */,
			);
			buildRules = (
			);
			dependencies = (
			);
			name = QRcode;
			productName = QRcode;
			productReference = 5EF30E351D6414D900F0BC20 /* QRcode.app */;
			productType = "com.apple.product-type.application";
		};
		5EF30E4D1D6414D900F0BC20 /* QRcodeTests */ = {
			isa = PBXNativeTarget;
			buildConfigurationList = 5EF30E651D6414D900F0BC20 /* Build configuration list for PBXNativeTarget "QRcodeTests" */;
			buildPhases = (
				5EF30E4A1D6414D900F0BC20 /* Sources */,
				5EF30E4B1D6414D900F0BC20 /* Frameworks */,
				5EF30E4C1D6414D900F0BC20 /* Resources */,
			);
			buildRules = (
			);
			dependencies = (
				5EF30E501D6414D900F0BC20 /* PBXTargetDependency */,
			);
			name = QRcodeTests;
			productName = QRcodeTests;
			productReference = 5EF30E4E1D6414D900F0BC20 /* QRcodeTests.xctest */;
			productType = "com.apple.product-type.bundle.unit-test";
		};
		5EF30E581D6414D900F0BC20 /* QRcodeUITests */ = {
			isa = PBXNativeTarget;
			buildConfigurationList = 5EF30E681D6414D900F0BC20 /* Build configuration list for PBXNativeTarget "QRcodeUITests" */;
			buildPhases = (
				5EF30E551D6414D900F0BC20 /* Sources */,
				5EF30E561D6414D900F0BC20 /* Frameworks */,
				5EF30E571D6414D900F0BC20 /* Resources */,
			);
			buildRules = (
			);
			dependencies = (
				5EF30E5B1D6414D900F0BC20 /* PBXTargetDependency */,
			);
			name = QRcodeUITests;
			productName = QRcodeUITests;
			productReference = 5EF30E591D6414D900F0BC20 /* QRcodeUITests.xctest */;
			productType = "com.apple.product-type.bundle.ui-testing";
		};
/* End PBXNativeTarget section */

/* Begin PBXProject section */
		5EF30E2D1D6414D900F0BC20 /* Project object */ = {
			isa = PBXProject;
			attributes = {
				LastUpgradeCheck = 0720;
				ORGANIZATIONNAME = hzf;
				TargetAttributes = {
					5EF30E341D6414D900F0BC20 = {
						CreatedOnToolsVersion = 7.2.1;
					};
					5EF30E4D1D6414D900F0BC20 = {
						CreatedOnToolsVersion = 7.2.1;
						TestTargetID = 5EF30E341D6414D900F0BC20;
					};
					5EF30E581D6414D900F0BC20 = {
						CreatedOnToolsVersion = 7.2.1;
						TestTargetID = 5EF30E341D6414D900F0BC20;
					};
				};
			};
			buildConfigurationList = 5EF30E301D6414D900F0BC20 /* Build configuration list for PBXProject "QRcode" */;
			compatibilityVersion = "Xcode 3.2";
			developmentRegion = English;
			hasScannedForEncodings = 0;
			knownRegions = (
				en,
				Base,
			);
			mainGroup = 5EF30E2C1D6414D900F0BC20;
			productRefGroup = 5EF30E361D6414D900F0BC20 /* Products */;
			projectDirPath = "";
			projectRoot = "";
			targets = (
				5EF30E341D6414D900F0BC20 /* QRcode */,
				5EF30E4D1D6414D900F0BC20 /* QRcodeTests */,
				5EF30E581D6414D900F0BC20 /* QRcodeUITests */,
			);
		};
/* End PBXProject section */

/* Begin PBXResourcesBuildPhase section */
		5EF30E331D6414D900F0BC20 /* Resources */ = {
			isa = PBXResourcesBuildPhase;
			buildActionMask = 2147483647;
			files = (
				5EF30E7F1D642EF800F0BC20 /* history@3x.png in Resources */,
				5EF30E801D642EF800F0BC20 /* history@2x.png in Resources */,
				5EF30E831D642F0A00F0BC20 /* history_blue@2x.png in Resources */,
				5EF30E7A1D64191C00F0BC20 /* scanning@3x.png in Resources */,
				5EF30E7C1D642ECA00F0BC20 /* scanning@2x.png in Resources */,
				5EF30E871D642F1D00F0BC20 /* scan_white@3x.png in Resources */,
				5EF30E841D642F0A00F0BC20 /* history_blue@3x.png in Resources */,
				5EF30E481D6414D900F0BC20 /* LaunchScreen.storyboard in Resources */,
				5EF30E901D642F3B00F0BC20 /* text@3x.png in Resources */,
				5EF30E941D642F4300F0BC20 /* website@3x.png in Resources */,
				5EF30E881D642F1D00F0BC20 /* scan_white@2x.png in Resources */,
				5EF30E8B1D642F2900F0BC20 /* scan_blue@3x.png in Resources */,
				5EF30E8F1D642F3B00F0BC20 /* text@2x.png in Resources */,
				5EF30E451D6414D900F0BC20 /* Assets.xcassets in Resources */,
				5EF30E931D642F4300F0BC20 /* website@2x.png in Resources */,
				5EF30E8C1D642F2900F0BC20 /* scan_blue@2x.png in Resources */,
				5EF30E431D6414D900F0BC20 /* Main.storyboard in Resources */,
			);
			runOnlyForDeploymentPostprocessing = 0;
		};
		5EF30E4C1D6414D900F0BC20 /* Resources */ = {
			isa = PBXResourcesBuildPhase;
			buildActionMask = 2147483647;
			files = (
			);
			runOnlyForDeploymentPostprocessing = 0;
		};
		5EF30E571D6414D900F0BC20 /* Resources */ = {
			isa = PBXResourcesBuildPhase;
			buildActionMask = 2147483647;
			files = (
			);
			runOnlyForDeploymentPostprocessing = 0;
		};
/* End PBXResourcesBuildPhase section */

/* Begin PBXShellScriptBuildPhase section */
		076DE724715F65AAA8E2A6CA /* [CP] Check Pods Manifest.lock */ = {
			isa = PBXShellScriptBuildPhase;
			buildActionMask = 2147483647;
			files = (
			);
			inputPaths = (
			);
			name = "[CP] Check Pods Manifest.lock";
			outputPaths = (
			);
			runOnlyForDeploymentPostprocessing = 0;
			shellPath = /bin/sh;
			shellScript = "diff \"${PODS_ROOT}/../Podfile.lock\" \"${PODS_ROOT}/Manifest.lock\" > /dev/null\nif [[ $? != 0 ]] ; then\n    cat << EOM\nerror: The sandbox is not in sync with the Podfile.lock. Run 'pod install' or update your CocoaPods installation.\nEOM\n    exit 1\nfi\n";
			showEnvVarsInLog = 0;
		};
		312A8217BDBF93E538F17C48 /* [CP] Copy Pods Resources */ = {
			isa = PBXShellScriptBuildPhase;
			buildActionMask = 2147483647;
			files = (
			);
			inputPaths = (
			);
			name = "[CP] Copy Pods Resources";
			outputPaths = (
			);
			runOnlyForDeploymentPostprocessing = 0;
			shellPath = /bin/sh;
			shellScript = "\"${SRCROOT}/Pods/Target Support Files/Pods-QRcode/Pods-QRcode-resources.sh\"\n";
			showEnvVarsInLog = 0;
		};
		E417CB25C5CC5D7856F9E0E6 /* [CP] Embed Pods Frameworks */ = {
			isa = PBXShellScriptBuildPhase;
			buildActionMask = 2147483647;
			files = (
			);
			inputPaths = (
			);
			name = "[CP] Embed Pods Frameworks";
			outputPaths = (
			);
			runOnlyForDeploymentPostprocessing = 0;
			shellPath = /bin/sh;
			shellScript = "\"${SRCROOT}/Pods/Target Support Files/Pods-QRcode/Pods-QRcode-frameworks.sh\"\n";
			showEnvVarsInLog = 0;
		};
/* End PBXShellScriptBuildPhase section */

/* Begin PBXSourcesBuildPhase section */
		5EF30E311D6414D900F0BC20 /* Sources */ = {
			isa = PBXSourcesBuildPhase;
			buildActionMask = 2147483647;
			files = (
				5EF30FC21D66D57D00F0BC20 /* FETextViewController.m in Sources */,
				5EF30FBE1D669F4300F0BC20 /* Entity+CoreDataProperties.m in Sources */,
				5EF30E731D64168000F0BC20 /* FEHistoryViewController.m in Sources */,
				5EF30E3D1D6414D900F0BC20 /* AppDelegate.m in Sources */,
				5EF30F5B1D644BAF00F0BC20 /* FECoreDataHelper.m in Sources */,
				5EF30FB51D65AAAF00F0BC20 /* NSString+Tools.m in Sources */,
				5EF30FB91D669EA400F0BC20 /* Data.xcdatamodeld in Sources */,
				5EF30E3A1D6414D900F0BC20 /* main.m in Sources */,
				5EF30E701D64163E00F0BC20 /* FEQRCatcherViewController.m in Sources */,
				5EF30E971D6439C800F0BC20 /* QRTabBar.m in Sources */,
				5EF30E6D1D6415E200F0BC20 /* FEMainTabBarController.m in Sources */,
				5EF30FBF1D669F4300F0BC20 /* Entity.m in Sources */,
			);
			runOnlyForDeploymentPostprocessing = 0;
		};
		5EF30E4A1D6414D900F0BC20 /* Sources */ = {
			isa = PBXSourcesBuildPhase;
			buildActionMask = 2147483647;
			files = (
				5EF30E531D6414D900F0BC20 /* QRcodeTests.m in Sources */,
			);
			runOnlyForDeploymentPostprocessing = 0;
		};
		5EF30E551D6414D900F0BC20 /* Sources */ = {
			isa = PBXSourcesBuildPhase;
			buildActionMask = 2147483647;
			files = (
				5EF30E5E1D6414D900F0BC20 /* QRcodeUITests.m in Sources */,
			);
			runOnlyForDeploymentPostprocessing = 0;
		};
/* End PBXSourcesBuildPhase section */

/* Begin PBXTargetDependency section */
		5EF30E501D6414D900F0BC20 /* PBXTargetDependency */ = {
			isa = PBXTargetDependency;
			target = 5EF30E341D6414D900F0BC20 /* QRcode */;
			targetProxy = 5EF30E4F1D6414D900F0BC20 /* PBXContainerItemProxy */;
		};
		5EF30E5B1D6414D900F0BC20 /* PBXTargetDependency */ = {
			isa = PBXTargetDependency;
			target = 5EF30E341D6414D900F0BC20 /* QRcode */;
			targetProxy = 5EF30E5A1D6414D900F0BC20 /* PBXContainerItemProxy */;
		};
/* End PBXTargetDependency section */

/* Begin PBXVariantGroup section */
		5EF30E411D6414D900F0BC20 /* Main.storyboard */ = {
			isa = PBXVariantGroup;
			children = (
				5EF30E421D6414D900F0BC20 /* Base */,
			);
			name = Main.storyboard;
			sourceTree = "<group>";
		};
		5EF30E461D6414D900F0BC20 /* LaunchScreen.storyboard */ = {
			isa = PBXVariantGroup;
			children = (
				5EF30E471D6414D900F0BC20 /* Base */,
			);
			name = LaunchScreen.storyboard;
			sourceTree = "<group>";
		};
/* End PBXVariantGroup section */

/* Begin XCBuildConfiguration section */
		5EF30E601D6414D900F0BC20 /* Debug */ = {
			isa = XCBuildConfiguration;
			buildSettings = {
				ALWAYS_SEARCH_USER_PATHS = NO;
				CLANG_CXX_LANGUAGE_STANDARD = "gnu++0x";
				CLANG_CXX_LIBRARY = "libc++";
				CLANG_ENABLE_MODULES = YES;
				CLANG_ENABLE_OBJC_ARC = YES;
				CLANG_WARN_BOOL_CONVERSION = YES;
				CLANG_WARN_CONSTANT_CONVERSION = YES;
				CLANG_WARN_DIRECT_OBJC_ISA_USAGE = YES_ERROR;
				CLANG_WARN_EMPTY_BODY = YES;
				CLANG_WARN_ENUM_CONVERSION = YES;
				CLANG_WARN_INT_CONVERSION = YES;
				CLANG_WARN_OBJC_ROOT_CLASS = YES_ERROR;
				CLANG_WARN_UNREACHABLE_CODE = YES;
				CLANG_WARN__DUPLICATE_METHOD_MATCH = YES;
				"CODE_SIGN_IDENTITY[sdk=iphoneos*]" = "iPhone Developer";
				COPY_PHASE_STRIP = NO;
				DEBUG_INFORMATION_FORMAT = dwarf;
				ENABLE_STRICT_OBJC_MSGSEND = YES;
				ENABLE_TESTABILITY = YES;
				GCC_C_LANGUAGE_STANDARD = gnu99;
				GCC_DYNAMIC_NO_PIC = NO;
				GCC_NO_COMMON_BLOCKS = YES;
				GCC_OPTIMIZATION_LEVEL = 0;
				GCC_PREPROCESSOR_DEFINITIONS = (
					"DEBUG=1",
					"$(inherited)",
				);
				GCC_WARN_64_TO_32_BIT_CONVERSION = YES;
				GCC_WARN_ABOUT_RETURN_TYPE = YES_ERROR;
				GCC_WARN_UNDECLARED_SELECTOR = YES;
				GCC_WARN_UNINITIALIZED_AUTOS = YES_AGGRESSIVE;
				GCC_WARN_UNUSED_FUNCTION = YES;
				GCC_WARN_UNUSED_VARIABLE = YES;
				IPHONEOS_DEPLOYMENT_TARGET = 9.2;
				MTL_ENABLE_DEBUG_INFO = YES;
				ONLY_ACTIVE_ARCH = YES;
				SDKROOT = iphoneos;
			};
			name = Debug;
		};
		5EF30E611D6414D900F0BC20 /* Release */ = {
			isa = XCBuildConfiguration;
			buildSettings = {
				ALWAYS_SEARCH_USER_PATHS = NO;
				CLANG_CXX_LANGUAGE_STANDARD = "gnu++0x";
				CLANG_CXX_LIBRARY = "libc++";
				CLANG_ENABLE_MODULES = YES;
				CLANG_ENABLE_OBJC_ARC = YES;
				CLANG_WARN_BOOL_CONVERSION = YES;
				CLANG_WARN_CONSTANT_CONVERSION = YES;
				CLANG_WARN_DIRECT_OBJC_ISA_USAGE = YES_ERROR;
				CLANG_WARN_EMPTY_BODY = YES;
				CLANG_WARN_ENUM_CONVERSION = YES;
				CLANG_WARN_INT_CONVERSION = YES;
				CLANG_WARN_OBJC_ROOT_CLASS = YES_ERROR;
				CLANG_WARN_UNREACHABLE_CODE = YES;
				CLANG_WARN__DUPLICATE_METHOD_MATCH = YES;
				"CODE_SIGN_IDENTITY[sdk=iphoneos*]" = "iPhone Developer";
				COPY_PHASE_STRIP = NO;
				DEBUG_INFORMATION_FORMAT = "dwarf-with-dsym";
				ENABLE_NS_ASSERTIONS = NO;
				ENABLE_STRICT_OBJC_MSGSEND = YES;
				GCC_C_LANGUAGE_STANDARD = gnu99;
				GCC_NO_COMMON_BLOCKS = YES;
				GCC_WARN_64_TO_32_BIT_CONVERSION = YES;
				GCC_WARN_ABOUT_RETURN_TYPE = YES_ERROR;
				GCC_WARN_UNDECLARED_SELECTOR = YES;
				GCC_WARN_UNINITIALIZED_AUTOS = YES_AGGRESSIVE;
				GCC_WARN_UNUSED_FUNCTION = YES;
				GCC_WARN_UNUSED_VARIABLE = YES;
				IPHONEOS_DEPLOYMENT_TARGET = 9.2;
				MTL_ENABLE_DEBUG_INFO = NO;
				SDKROOT = iphoneos;
				VALIDATE_PRODUCT = YES;
			};
			name = Release;
		};
		5EF30E631D6414D900F0BC20 /* Debug */ = {
			isa = XCBuildConfiguration;
			baseConfigurationReference = 253BA4DD97BAD8AD98DB44F2 /* Pods-QRcode.debug.xcconfig */;
			buildSettings = {
				ASSETCATALOG_COMPILER_APPICON_NAME = AppIcon;
				GCC_PRECOMPILE_PREFIX_HEADER = YES;
				GCC_PREFIX_HEADER = "$(SRCROOT)/QRCode/QR_PrefixHeader.pch";
				INFOPLIST_FILE = QRcode/Info.plist;
				LD_RUNPATH_SEARCH_PATHS = "$(inherited) @executable_path/Frameworks";
				PRODUCT_BUNDLE_IDENTIFIER = com.hzf.QRcode;
				PRODUCT_NAME = "$(TARGET_NAME)";
				TARGETED_DEVICE_FAMILY = 1;
			};
			name = Debug;
		};
		5EF30E641D6414D900F0BC20 /* Release */ = {
			isa = XCBuildConfiguration;
			baseConfigurationReference = 08C44C8EC90679AADBC4608E /* Pods-QRcode.release.xcconfig */;
			buildSettings = {
				ASSETCATALOG_COMPILER_APPICON_NAME = AppIcon;
				GCC_PRECOMPILE_PREFIX_HEADER = YES;
				GCC_PREFIX_HEADER = "$(SRCROOT)/QRCode/QR_PrefixHeader.pch";
				INFOPLIST_FILE = QRcode/Info.plist;
				LD_RUNPATH_SEARCH_PATHS = "$(inherited) @executable_path/Frameworks";
				PRODUCT_BUNDLE_IDENTIFIER = com.hzf.QRcode;
				PRODUCT_NAME = "$(TARGET_NAME)";
				TARGETED_DEVICE_FAMILY = 1;
			};
			name = Release;
		};
		5EF30E661D6414D900F0BC20 /* Debug */ = {
			isa = XCBuildConfiguration;
			buildSettings = {
				BUNDLE_LOADER = "$(TEST_HOST)";
				INFOPLIST_FILE = QRcodeTests/Info.plist;
				LD_RUNPATH_SEARCH_PATHS = "$(inherited) @executable_path/Frameworks @loader_path/Frameworks";
				PRODUCT_BUNDLE_IDENTIFIER = com.hzf.QRcodeTests;
				PRODUCT_NAME = "$(TARGET_NAME)";
				TEST_HOST = "$(BUILT_PRODUCTS_DIR)/QRcode.app/QRcode";
			};
			name = Debug;
		};
		5EF30E671D6414D900F0BC20 /* Release */ = {
			isa = XCBuildConfiguration;
			buildSettings = {
				BUNDLE_LOADER = "$(TEST_HOST)";
				INFOPLIST_FILE = QRcodeTests/Info.plist;
				LD_RUNPATH_SEARCH_PATHS = "$(inherited) @executable_path/Frameworks @loader_path/Frameworks";
				PRODUCT_BUNDLE_IDENTIFIER = com.hzf.QRcodeTests;
				PRODUCT_NAME = "$(TARGET_NAME)";
				TEST_HOST = "$(BUILT_PRODUCTS_DIR)/QRcode.app/QRcode";
			};
			name = Release;
		};
		5EF30E691D6414D900F0BC20 /* Debug */ = {
			isa = XCBuildConfiguration;
			buildSettings = {
				INFOPLIST_FILE = QRcodeUITests/Info.plist;
				LD_RUNPATH_SEARCH_PATHS = "$(inherited) @executable_path/Frameworks @loader_path/Frameworks";
				PRODUCT_BUNDLE_IDENTIFIER = com.hzf.QRcodeUITests;
				PRODUCT_NAME = "$(TARGET_NAME)";
				TEST_TARGET_NAME = QRcode;
				USES_XCTRUNNER = YES;
			};
			name = Debug;
		};
		5EF30E6A1D6414D900F0BC20 /* Release */ = {
			isa = XCBuildConfiguration;
			buildSettings = {
				INFOPLIST_FILE = QRcodeUITests/Info.plist;
				LD_RUNPATH_SEARCH_PATHS = "$(inherited) @executable_path/Frameworks @loader_path/Frameworks";
				PRODUCT_BUNDLE_IDENTIFIER = com.hzf.QRcodeUITests;
				PRODUCT_NAME = "$(TARGET_NAME)";
				TEST_TARGET_NAME = QRcode;
				USES_XCTRUNNER = YES;
			};
			name = Release;
		};
/* End XCBuildConfiguration section */

/* Begin XCConfigurationList section */
		5EF30E301D6414D900F0BC20 /* Build configuration list for PBXProject "QRcode" */ = {
			isa = XCConfigurationList;
			buildConfigurations = (
				5EF30E601D6414D900F0BC20 /* Debug */,
				5EF30E611D6414D900F0BC20 /* Release */,
			);
			defaultConfigurationIsVisible = 0;
			defaultConfigurationName = Release;
		};
		5EF30E621D6414D900F0BC20 /* Build configuration list for PBXNativeTarget "QRcode" */ = {
			isa = XCConfigurationList;
			buildConfigurations = (
				5EF30E631D6414D900F0BC20 /* Debug */,
				5EF30E641D6414D900F0BC20 /* Release */,
			);
			defaultConfigurationIsVisible = 0;
			defaultConfigurationName = Release;
		};
		5EF30E651D6414D900F0BC20 /* Build configuration list for PBXNativeTarget "QRcodeTests" */ = {
			isa = XCConfigurationList;
			buildConfigurations = (
				5EF30E661D6414D900F0BC20 /* Debug */,
				5EF30E671D6414D900F0BC20 /* Release */,
			);
			defaultConfigurationIsVisible = 0;
			defaultConfigurationName = Release;
		};
		5EF30E681D6414D900F0BC20 /* Build configuration list for PBXNativeTarget "QRcodeUITests" */ = {
			isa = XCConfigurationList;
			buildConfigurations = (
				5EF30E691D6414D900F0BC20 /* Debug */,
				5EF30E6A1D6414D900F0BC20 /* Release */,
			);
			defaultConfigurationIsVisible = 0;
			defaultConfigurationName = Release;
		};
/* End XCConfigurationList section */

/* Begin XCVersionGroup section */
		5EF30FB71D669EA400F0BC20 /* Data.xcdatamodeld */ = {
			isa = XCVersionGroup;
			children = (
				5EF30FB81D669EA400F0BC20 /* Data.xcdatamodel */,
			);
			currentVersion = 5EF30FB81D669EA400F0BC20 /* Data.xcdatamodel */;
			path = Data.xcdatamodeld;
			sourceTree = "<group>";
			versionGroupType = wrapper.xcdatamodel;
		};
/* End XCVersionGroup section */
	};
	rootObject = 5EF30E2D1D6414D900F0BC20 /* Project object */;
}
